// !$*UTF8*$!
{
	archiveVersion = 1;
	classes = {
	};
	objectVersion = 50;
	objects = {

/* Begin PBXBuildFile section */
		3A3E315B20F58E9D00708E05 /* AppDelegate.swift in Sources */ = {isa = PBXBuildFile; fileRef = 3A3E315A20F58E9D00708E05 /* AppDelegate.swift */; };
		3A3E315D20F58E9D00708E05 /* ViewController.swift in Sources */ = {isa = PBXBuildFile; fileRef = 3A3E315C20F58E9D00708E05 /* ViewController.swift */; };
		3A3E316020F58E9D00708E05 /* Main.storyboard in Resources */ = {isa = PBXBuildFile; fileRef = 3A3E315E20F58E9D00708E05 /* Main.storyboard */; };
		3A3E316320F58E9D00708E05 /* Locale.xcdatamodeld in Sources */ = {isa = PBXBuildFile; fileRef = 3A3E316120F58E9D00708E05 /* Locale.xcdatamodeld */; };
		3A3E316520F58E9E00708E05 /* Assets.xcassets in Resources */ = {isa = PBXBuildFile; fileRef = 3A3E316420F58E9E00708E05 /* Assets.xcassets */; };
		3A3E316820F58E9E00708E05 /* LaunchScreen.storyboard in Resources */ = {isa = PBXBuildFile; fileRef = 3A3E316620F58E9E00708E05 /* LaunchScreen.storyboard */; };
		3A3E317020F6D93200708E05 /* DatabaseController.swift in Sources */ = {isa = PBXBuildFile; fileRef = 3A3E316F20F6D93200708E05 /* DatabaseController.swift */; };
		3A66C3D62124DD89003247B8 /* CellDetailView.swift in Sources */ = {isa = PBXBuildFile; fileRef = 3A66C3D52124DD89003247B8 /* CellDetailView.swift */; };
		3A66C3D82124DDAD003247B8 /* NewLocationViewController.swift in Sources */ = {isa = PBXBuildFile; fileRef = 3A66C3D72124DDAD003247B8 /* NewLocationViewController.swift */; };
		3AAADD36213D762A00E04071 /* EditLocationViewController.swift in Sources */ = {isa = PBXBuildFile; fileRef = 3AAADD35213D762A00E04071 /* EditLocationViewController.swift */; };
		59E50A68598B0C61AF4C853D /* Pods_Locale.framework in Frameworks */ = {isa = PBXBuildFile; fileRef = FE727ED29DC3F4395C420B50 /* Pods_Locale.framework */; };
/* End PBXBuildFile section */

/* Begin PBXFileReference section */
		34D71ED7F59C7ADCAF490D85 /* Pods-Locale.release.xcconfig */ = {isa = PBXFileReference; includeInIndex = 1; lastKnownFileType = text.xcconfig; name = "Pods-Locale.release.xcconfig"; path = "Pods/Target Support Files/Pods-Locale/Pods-Locale.release.xcconfig"; sourceTree = "<group>"; };
		3A3E315720F58E9D00708E05 /* Locale.app */ = {isa = PBXFileReference; explicitFileType = wrapper.application; includeInIndex = 0; path = Locale.app; sourceTree = BUILT_PRODUCTS_DIR; };
		3A3E315A20F58E9D00708E05 /* AppDelegate.swift */ = {isa = PBXFileReference; lastKnownFileType = sourcecode.swift; path = AppDelegate.swift; sourceTree = "<group>"; };
		3A3E315C20F58E9D00708E05 /* ViewController.swift */ = {isa = PBXFileReference; lastKnownFileType = sourcecode.swift; path = ViewController.swift; sourceTree = "<group>"; };
		3A3E315F20F58E9D00708E05 /* Base */ = {isa = PBXFileReference; lastKnownFileType = file.storyboard; name = Base; path = Base.lproj/Main.storyboard; sourceTree = "<group>"; };
		3A3E316220F58E9D00708E05 /* Locale.xcdatamodel */ = {isa = PBXFileReference; lastKnownFileType = wrapper.xcdatamodel; path = Locale.xcdatamodel; sourceTree = "<group>"; };
		3A3E316420F58E9E00708E05 /* Assets.xcassets */ = {isa = PBXFileReference; lastKnownFileType = folder.assetcatalog; path = Assets.xcassets; sourceTree = "<group>"; };
		3A3E316720F58E9E00708E05 /* Base */ = {isa = PBXFileReference; lastKnownFileType = file.storyboard; name = Base; path = Base.lproj/LaunchScreen.storyboard; sourceTree = "<group>"; };
		3A3E316920F58E9E00708E05 /* Info.plist */ = {isa = PBXFileReference; lastKnownFileType = text.plist.xml; path = Info.plist; sourceTree = "<group>"; };
		3A3E316F20F6D93200708E05 /* DatabaseController.swift */ = {isa = PBXFileReference; lastKnownFileType = sourcecode.swift; path = DatabaseController.swift; sourceTree = "<group>"; };
		3A66C3D52124DD89003247B8 /* CellDetailView.swift */ = {isa = PBXFileReference; lastKnownFileType = sourcecode.swift; path = CellDetailView.swift; sourceTree = "<group>"; };
		3A66C3D72124DDAD003247B8 /* NewLocationViewController.swift */ = {isa = PBXFileReference; lastKnownFileType = sourcecode.swift; path = NewLocationViewController.swift; sourceTree = "<group>"; };
		3AAADD35213D762A00E04071 /* EditLocationViewController.swift */ = {isa = PBXFileReference; lastKnownFileType = sourcecode.swift; path = EditLocationViewController.swift; sourceTree = "<group>"; };
		D62392F9E27E1E49A24DED6D /* Pods-Locale.debug.xcconfig */ = {isa = PBXFileReference; includeInIndex = 1; lastKnownFileType = text.xcconfig; name = "Pods-Locale.debug.xcconfig"; path = "Pods/Target Support Files/Pods-Locale/Pods-Locale.debug.xcconfig"; sourceTree = "<group>"; };
		FE727ED29DC3F4395C420B50 /* Pods_Locale.framework */ = {isa = PBXFileReference; explicitFileType = wrapper.framework; includeInIndex = 0; path = Pods_Locale.framework; sourceTree = BUILT_PRODUCTS_DIR; };
/* End PBXFileReference section */

/* Begin PBXFrameworksBuildPhase section */
		3A3E315420F58E9D00708E05 /* Frameworks */ = {
			isa = PBXFrameworksBuildPhase;
			buildActionMask = 2147483647;
			files = (
				59E50A68598B0C61AF4C853D /* Pods_Locale.framework in Frameworks */,
			);
			runOnlyForDeploymentPostprocessing = 0;
		};
/* End PBXFrameworksBuildPhase section */

/* Begin PBXGroup section */
		3A3E314E20F58E9C00708E05 = {
			isa = PBXGroup;
			children = (
				3A3E315920F58E9D00708E05 /* Locale */,
				3A3E315820F58E9D00708E05 /* Products */,
				3F6EA23E536EC2A4F081B43D /* Pods */,
				773A3DEA7A1395098875EDC8 /* Frameworks */,
			);
			sourceTree = "<group>";
		};
		3A3E315820F58E9D00708E05 /* Products */ = {
			isa = PBXGroup;
			children = (
				3A3E315720F58E9D00708E05 /* Locale.app */,
			);
			name = Products;
			sourceTree = "<group>";
		};
		3A3E315920F58E9D00708E05 /* Locale */ = {
			isa = PBXGroup;
			children = (
				3A3E315A20F58E9D00708E05 /* AppDelegate.swift */,
				3A3E315C20F58E9D00708E05 /* ViewController.swift */,
				3A66C3D72124DDAD003247B8 /* NewLocationViewController.swift */,
				3AAADD35213D762A00E04071 /* EditLocationViewController.swift */,
				3A66C3D52124DD89003247B8 /* CellDetailView.swift */,
				3A3E316F20F6D93200708E05 /* DatabaseController.swift */,
				3A3E315E20F58E9D00708E05 /* Main.storyboard */,
				3A3E316420F58E9E00708E05 /* Assets.xcassets */,
				3A3E316620F58E9E00708E05 /* LaunchScreen.storyboard */,
				3A3E316920F58E9E00708E05 /* Info.plist */,
				3A3E316120F58E9D00708E05 /* Locale.xcdatamodeld */,
			);
			path = Locale;
			sourceTree = "<group>";
		};
		3F6EA23E536EC2A4F081B43D /* Pods */ = {
			isa = PBXGroup;
			children = (
				D62392F9E27E1E49A24DED6D /* Pods-Locale.debug.xcconfig */,
				34D71ED7F59C7ADCAF490D85 /* Pods-Locale.release.xcconfig */,
			);
			name = Pods;
			sourceTree = "<group>";
		};
		773A3DEA7A1395098875EDC8 /* Frameworks */ = {
			isa = PBXGroup;
			children = (
				FE727ED29DC3F4395C420B50 /* Pods_Locale.framework */,
			);
			name = Frameworks;
			sourceTree = "<group>";
		};
/* End PBXGroup section */

/* Begin PBXNativeTarget section */
		3A3E315620F58E9D00708E05 /* Locale */ = {
			isa = PBXNativeTarget;
			buildConfigurationList = 3A3E316C20F58E9E00708E05 /* Build configuration list for PBXNativeTarget "Locale" */;
			buildPhases = (
				BF5E8AED126777F1FA91A00B /* [CP] Check Pods Manifest.lock */,
				3A3E315320F58E9D00708E05 /* Sources */,
				3A3E315420F58E9D00708E05 /* Frameworks */,
				3A3E315520F58E9D00708E05 /* Resources */,
				93563CA061E381223CC4E7F7 /* [CP] Embed Pods Frameworks */,
				788E712DCEDC6EBCB042B0B4 /* [CP] Copy Pods Resources */,
			);
			buildRules = (
			);
			dependencies = (
			);
			name = Locale;
			productName = Locale;
			productReference = 3A3E315720F58E9D00708E05 /* Locale.app */;
			productType = "com.apple.product-type.application";
		};
/* End PBXNativeTarget section */

/* Begin PBXProject section */
		3A3E314F20F58E9C00708E05 /* Project object */ = {
			isa = PBXProject;
			attributes = {
				LastSwiftUpdateCheck = 0930;
				LastUpgradeCheck = 0930;
				ORGANIZATIONNAME = B4k3R;
				TargetAttributes = {
					3A3E315620F58E9D00708E05 = {
						CreatedOnToolsVersion = 9.3.1;
					};
				};
			};
			buildConfigurationList = 3A3E315220F58E9C00708E05 /* Build configuration list for PBXProject "Locale" */;
			compatibilityVersion = "Xcode 9.3";
			developmentRegion = en;
			hasScannedForEncodings = 0;
			knownRegions = (
				en,
				Base,
			);
			mainGroup = 3A3E314E20F58E9C00708E05;
			productRefGroup = 3A3E315820F58E9D00708E05 /* Products */;
			projectDirPath = "";
			projectRoot = "";
			targets = (
				3A3E315620F58E9D00708E05 /* Locale */,
			);
		};
/* End PBXProject section */

/* Begin PBXResourcesBuildPhase section */
		3A3E315520F58E9D00708E05 /* Resources */ = {
			isa = PBXResourcesBuildPhase;
			buildActionMask = 2147483647;
			files = (
				3A3E316820F58E9E00708E05 /* LaunchScreen.storyboard in Resources */,
				3A3E316520F58E9E00708E05 /* Assets.xcassets in Resources */,
				3A3E316020F58E9D00708E05 /* Main.storyboard in Resources */,
			);
			runOnlyForDeploymentPostprocessing = 0;
		};
/* End PBXResourcesBuildPhase section */

/* Begin PBXShellScriptBuildPhase section */
		788E712DCEDC6EBCB042B0B4 /* [CP] Copy Pods Resources */ = {
			isa = PBXShellScriptBuildPhase;
			buildActionMask = 2147483647;
			files = (
			);
			inputPaths = (
			);
			name = "[CP] Copy Pods Resources";
			outputPaths = (
			);
			runOnlyForDeploymentPostprocessing = 0;
			shellPath = /bin/sh;
			shellScript = "\"${SRCROOT}/Pods/Target Support Files/Pods-Locale/Pods-Locale-resources.sh\"\n";
			showEnvVarsInLog = 0;
		};
		93563CA061E381223CC4E7F7 /* [CP] Embed Pods Frameworks */ = {
			isa = PBXShellScriptBuildPhase;
			buildActionMask = 2147483647;
			files = (
			);
			inputPaths = (
				"${SRCROOT}/Pods/Target Support Files/Pods-Locale/Pods-Locale-frameworks.sh",
				"${BUILT_PRODUCTS_DIR}/IQKeyboardManagerSwift/IQKeyboardManagerSwift.framework",
			);
			name = "[CP] Embed Pods Frameworks";
			outputPaths = (
				"${TARGET_BUILD_DIR}/${FRAMEWORKS_FOLDER_PATH}/IQKeyboardManagerSwift.framework",
			);
			runOnlyForDeploymentPostprocessing = 0;
			shellPath = /bin/sh;
			shellScript = "\"${SRCROOT}/Pods/Target Support Files/Pods-Locale/Pods-Locale-frameworks.sh\"\n";
			showEnvVarsInLog = 0;
		};
		BF5E8AED126777F1FA91A00B /* [CP] Check Pods Manifest.lock */ = {
			isa = PBXShellScriptBuildPhase;
			buildActionMask = 2147483647;
			files = (
			);
			inputPaths = (
				"${PODS_PODFILE_DIR_PATH}/Podfile.lock",
				"${PODS_ROOT}/Manifest.lock",
			);
			name = "[CP] Check Pods Manifest.lock";
			outputPaths = (
				"$(DERIVED_FILE_DIR)/Pods-Locale-checkManifestLockResult.txt",
			);
			runOnlyForDeploymentPostprocessing = 0;
			shellPath = /bin/sh;
			shellScript = "diff \"${PODS_PODFILE_DIR_PATH}/Podfile.lock\" \"${PODS_ROOT}/Manifest.lock\" > /dev/null\nif [ $? != 0 ] ; then\n    # print error to STDERR\n    echo \"error: The sandbox is not in sync with the Podfile.lock. Run 'pod install' or update your CocoaPods installation.\" >&2\n    exit 1\nfi\n# This output is used by Xcode 'outputs' to avoid re-running this script phase.\necho \"SUCCESS\" > \"${SCRIPT_OUTPUT_FILE_0}\"\n";
			showEnvVarsInLog = 0;
		};
/* End PBXShellScriptBuildPhase section */

/* Begin PBXSourcesBuildPhase section */
		3A3E315320F58E9D00708E05 /* Sources */ = {
			isa = PBXSourcesBuildPhase;
			buildActionMask = 2147483647;
			files = (
				3A66C3D82124DDAD003247B8 /* NewLocationViewController.swift in Sources */,
				3A66C3D62124DD89003247B8 /* CellDetailView.swift in Sources */,
				3A3E317020F6D93200708E05 /* DatabaseController.swift in Sources */,
				3A3E316320F58E9D00708E05 /* Locale.xcdatamodeld in Sources */,
				3AAADD36213D762A00E04071 /* EditLocationViewController.swift in Sources */,
				3A3E315D20F58E9D00708E05 /* ViewController.swift in Sources */,
				3A3E315B20F58E9D00708E05 /* AppDelegate.swift in Sources */,
			);
			runOnlyForDeploymentPostprocessing = 0;
		};
/* End PBXSourcesBuildPhase section */

/* Begin PBXVariantGroup section */
		3A3E315E20F58E9D00708E05 /* Main.storyboard */ = {
			isa = PBXVariantGroup;
			children = (
				3A3E315F20F58E9D00708E05 /* Base */,
			);
			name = Main.storyboard;
			sourceTree = "<group>";
		};
		3A3E316620F58E9E00708E05 /* LaunchScreen.storyboard */ = {
			isa = PBXVariantGroup;
			children = (
				3A3E316720F58E9E00708E05 /* Base */,
			);
			name = LaunchScreen.storyboard;
			sourceTree = "<group>";
		};
/* End PBXVariantGroup section */

/* Begin XCBuildConfiguration section */
		3A3E316A20F58E9E00708E05 /* Debug */ = {
			isa = XCBuildConfiguration;
			buildSettings = {
				ALWAYS_SEARCH_USER_PATHS = NO;
				CLANG_ANALYZER_NONNULL = YES;
				CLANG_ANALYZER_NUMBER_OBJECT_CONVERSION = YES_AGGRESSIVE;
				CLANG_CXX_LANGUAGE_STANDARD = "gnu++14";
				CLANG_CXX_LIBRARY = "libc++";
				CLANG_ENABLE_MODULES = YES;
				CLANG_ENABLE_OBJC_ARC = YES;
				CLANG_ENABLE_OBJC_WEAK = YES;
				CLANG_WARN_BLOCK_CAPTURE_AUTORELEASING = YES;
				CLANG_WARN_BOOL_CONVERSION = YES;
				CLANG_WARN_COMMA = YES;
				CLANG_WARN_CONSTANT_CONVERSION = YES;
				CLANG_WARN_DEPRECATED_OBJC_IMPLEMENTATIONS = YES;
				CLANG_WARN_DIRECT_OBJC_ISA_USAGE = YES_ERROR;
				CLANG_WARN_DOCUMENTATION_COMMENTS = YES;
				CLANG_WARN_EMPTY_BODY = YES;
				CLANG_WARN_ENUM_CONVERSION = YES;
				CLANG_WARN_INFINITE_RECURSION = YES;
				CLANG_WARN_INT_CONVERSION = YES;
				CLANG_WARN_NON_LITERAL_NULL_CONVERSION = YES;
				CLANG_WARN_OBJC_IMPLICIT_RETAIN_SELF = YES;
				CLANG_WARN_OBJC_LITERAL_CONVERSION = YES;
				CLANG_WARN_OBJC_ROOT_CLASS = YES_ERROR;
				CLANG_WARN_RANGE_LOOP_ANALYSIS = YES;
				CLANG_WARN_STRICT_PROTOTYPES = YES;
				CLANG_WARN_SUSPICIOUS_MOVE = YES;
				CLANG_WARN_UNGUARDED_AVAILABILITY = YES_AGGRESSIVE;
				CLANG_WARN_UNREACHABLE_CODE = YES;
				CLANG_WARN__DUPLICATE_METHOD_MATCH = YES;
				CODE_SIGN_IDENTITY = "iPhone Developer";
				COPY_PHASE_STRIP = NO;
				DEBUG_INFORMATION_FORMAT = dwarf;
				ENABLE_STRICT_OBJC_MSGSEND = YES;
				ENABLE_TESTABILITY = YES;
				GCC_C_LANGUAGE_STANDARD = gnu11;
				GCC_DYNAMIC_NO_PIC = NO;
				GCC_NO_COMMON_BLOCKS = YES;
				GCC_OPTIMIZATION_LEVEL = 0;
				GCC_PREPROCESSOR_DEFINITIONS = (
					"DEBUG=1",
					"$(inherited)",
				);
				GCC_WARN_64_TO_32_BIT_CONVERSION = YES;
				GCC_WARN_ABOUT_RETURN_TYPE = YES_ERROR;
				GCC_WARN_UNDECLARED_SELECTOR = YES;
				GCC_WARN_UNINITIALIZED_AUTOS = YES_AGGRESSIVE;
				GCC_WARN_UNUSED_FUNCTION = YES;
				GCC_WARN_UNUSED_VARIABLE = YES;
				IPHONEOS_DEPLOYMENT_TARGET = 11.3;
				MTL_ENABLE_DEBUG_INFO = YES;
				ONLY_ACTIVE_ARCH = YES;
				SDKROOT = iphoneos;
				SWIFT_ACTIVE_COMPILATION_CONDITIONS = DEBUG;
				SWIFT_OPTIMIZATION_LEVEL = "-Onone";
			};
			name = Debug;
		};
		3A3E316B20F58E9E00708E05 /* Release */ = {
			isa = XCBuildConfiguration;
			buildSettings = {
				ALWAYS_SEARCH_USER_PATHS = NO;
				CLANG_ANALYZER_NONNULL = YES;
				CLANG_ANALYZER_NUMBER_OBJECT_CONVERSION = YES_AGGRESSIVE;
				CLANG_CXX_LANGUAGE_STANDARD = "gnu++14";
				CLANG_CXX_LIBRARY = "libc++";
				CLANG_ENABLE_MODULES = YES;
				CLANG_ENABLE_OBJC_ARC = YES;
				CLANG_ENABLE_OBJC_WEAK = YES;
				CLANG_WARN_BLOCK_CAPTURE_AUTORELEASING = YES;
				CLANG_WARN_BOOL_CONVERSION = YES;
				CLANG_WARN_COMMA = YES;
				CLANG_WARN_CONSTANT_CONVERSION = YES;
				CLANG_WARN_DEPRECATED_OBJC_IMPLEMENTATIONS = YES;
				CLANG_WARN_DIRECT_OBJC_ISA_USAGE = YES_ERROR;
				CLANG_WARN_DOCUMENTATION_COMMENTS = YES;
				CLANG_WARN_EMPTY_BODY = YES;
				CLANG_WARN_ENUM_CONVERSION = YES;
				CLANG_WARN_INFINITE_RECURSION = YES;
				CLANG_WARN_INT_CONVERSION = YES;
				CLANG_WARN_NON_LITERAL_NULL_CONVERSION = YES;
				CLANG_WARN_OBJC_IMPLICIT_RETAIN_SELF = YES;
				CLANG_WARN_OBJC_LITERAL_CONVERSION = YES;
				CLANG_WARN_OBJC_ROOT_CLASS = YES_ERROR;
				CLANG_WARN_RANGE_LOOP_ANALYSIS = YES;
				CLANG_WARN_STRICT_PROTOTYPES = YES;
				CLANG_WARN_SUSPICIOUS_MOVE = YES;
				CLANG_WARN_UNGUARDED_AVAILABILITY = YES_AGGRESSIVE;
				CLANG_WARN_UNREACHABLE_CODE = YES;
				CLANG_WARN__DUPLICATE_METHOD_MATCH = YES;
				CODE_SIGN_IDENTITY = "iPhone Developer";
				COPY_PHASE_STRIP = NO;
				DEBUG_INFORMATION_FORMAT = "dwarf-with-dsym";
				ENABLE_NS_ASSERTIONS = NO;
				ENABLE_STRICT_OBJC_MSGSEND = YES;
				GCC_C_LANGUAGE_STANDARD = gnu11;
				GCC_NO_COMMON_BLOCKS = YES;
				GCC_WARN_64_TO_32_BIT_CONVERSION = YES;
				GCC_WARN_ABOUT_RETURN_TYPE = YES_ERROR;
				GCC_WARN_UNDECLARED_SELECTOR = YES;
				GCC_WARN_UNINITIALIZED_AUTOS = YES_AGGRESSIVE;
				GCC_WARN_UNUSED_FUNCTION = YES;
				GCC_WARN_UNUSED_VARIABLE = YES;
				IPHONEOS_DEPLOYMENT_TARGET = 11.3;
				MTL_ENABLE_DEBUG_INFO = NO;
				SDKROOT = iphoneos;
				SWIFT_COMPILATION_MODE = wholemodule;
				SWIFT_OPTIMIZATION_LEVEL = "-O";
				VALIDATE_PRODUCT = YES;
			};
			name = Release;
		};
		3A3E316D20F58E9E00708E05 /* Debug */ = {
			isa = XCBuildConfiguration;
			baseConfigurationReference = D62392F9E27E1E49A24DED6D /* Pods-Locale.debug.xcconfig */;
			buildSettings = {
				ASSETCATALOG_COMPILER_APPICON_NAME = AppIcon;
				CODE_SIGN_STYLE = Automatic;
				DEVELOPMENT_TEAM = N5DNJEX595;
				INFOPLIST_FILE = Locale/Info.plist;
				LD_RUNPATH_SEARCH_PATHS = (
					"$(inherited)",
					"@executable_path/Frameworks",
				);
				PRODUCT_BUNDLE_IDENTIFIER = com.B4k3R.Locale;
				PRODUCT_NAME = "$(TARGET_NAME)";
				SWIFT_VERSION = 4.0;
				TARGETED_DEVICE_FAMILY = "1,2";
			};
			name = Debug;
		};
		3A3E316E20F58E9E00708E05 /* Release */ = {
			isa = XCBuildConfiguration;
			baseConfigurationReference = 34D71ED7F59C7ADCAF490D85 /* Pods-Locale.release.xcconfig */;
			buildSettings = {
				ASSETCATALOG_COMPILER_APPICON_NAME = AppIcon;
				CODE_SIGN_STYLE = Automatic;
				DEVELOPMENT_TEAM = N5DNJEX595;
				INFOPLIST_FILE = Locale/Info.plist;
				LD_RUNPATH_SEARCH_PATHS = (
					"$(inherited)",
					"@executable_path/Frameworks",
				);
				PRODUCT_BUNDLE_IDENTIFIER = com.B4k3R.Locale;
				PRODUCT_NAME = "$(TARGET_NAME)";
				SWIFT_VERSION = 4.0;
				TARGETED_DEVICE_FAMILY = "1,2";
			};
			name = Release;
		};
/* End XCBuildConfiguration section */

/* Begin XCConfigurationList section */
		3A3E315220F58E9C00708E05 /* Build configuration list for PBXProject "Locale" */ = {
			isa = XCConfigurationList;
			buildConfigurations = (
				3A3E316A20F58E9E00708E05 /* Debug */,
				3A3E316B20F58E9E00708E05 /* Release */,
			);
			defaultConfigurationIsVisible = 0;
			defaultConfigurationName = Release;
		};
		3A3E316C20F58E9E00708E05 /* Build configuration list for PBXNativeTarget "Locale" */ = {
			isa = XCConfigurationList;
			buildConfigurations = (
				3A3E316D20F58E9E00708E05 /* Debug */,
				3A3E316E20F58E9E00708E05 /* Release */,
			);
			defaultConfigurationIsVisible = 0;
			defaultConfigurationName = Release;
		};
/* End XCConfigurationList section */

/* Begin XCVersionGroup section */
		3A3E316120F58E9D00708E05 /* Locale.xcdatamodeld */ = {
			isa = XCVersionGroup;
			children = (
				3A3E316220F58E9D00708E05 /* Locale.xcdatamodel */,
			);
			currentVersion = 3A3E316220F58E9D00708E05 /* Locale.xcdatamodel */;
			path = Locale.xcdatamodeld;
			sourceTree = "<group>";
			versionGroupType = wrapper.xcdatamodel;
		};
/* End XCVersionGroup section */
	};
	rootObject = 3A3E314F20F58E9C00708E05 /* Project object */;
}
